// !$*UTF8*$!
{
	archiveVersion = 1;
	classes = {
	};
	objectVersion = 50;
	objects = {

/* Begin PBXBuildFile section */
		C35518DF217669BC005C28A2 /* AppDelegate.swift in Sources */ = {isa = PBXBuildFile; fileRef = C35518DE217669BC005C28A2 /* AppDelegate.swift */; };
		C35518E1217669BC005C28A2 /* ViewController.swift in Sources */ = {isa = PBXBuildFile; fileRef = C35518E0217669BC005C28A2 /* ViewController.swift */; };
		C35518E4217669BC005C28A2 /* Main.storyboard in Resources */ = {isa = PBXBuildFile; fileRef = C35518E2217669BC005C28A2 /* Main.storyboard */; };
		C35518E6217669C1005C28A2 /* Assets.xcassets in Resources */ = {isa = PBXBuildFile; fileRef = C35518E5217669C1005C28A2 /* Assets.xcassets */; };
		C35518E9217669C1005C28A2 /* LaunchScreen.storyboard in Resources */ = {isa = PBXBuildFile; fileRef = C35518E7217669C1005C28A2 /* LaunchScreen.storyboard */; };
		C35518F52176D822005C28A2 /* DesignableView.swift in Sources */ = {isa = PBXBuildFile; fileRef = C35518F42176D822005C28A2 /* DesignableView.swift */; };
		C361DF1B2178480F000429D6 /* HomeViewController.swift in Sources */ = {isa = PBXBuildFile; fileRef = C361DF1A2178480F000429D6 /* HomeViewController.swift */; };
		C361DF1D2178E637000429D6 /* HostViewController.swift in Sources */ = {isa = PBXBuildFile; fileRef = C361DF1C2178E637000429D6 /* HostViewController.swift */; };
		C361DF1F2178E64E000429D6 /* JoinViewController.swift in Sources */ = {isa = PBXBuildFile; fileRef = C361DF1E2178E64E000429D6 /* JoinViewController.swift */; };
		C361DF212178F757000429D6 /* Default-568h@2x.png in Resources */ = {isa = PBXBuildFile; fileRef = C361DF202178F756000429D6 /* Default-568h@2x.png */; };
		C361DF232179063C000429D6 /* SocketIOManager.swift in Sources */ = {isa = PBXBuildFile; fileRef = C361DF222179063C000429D6 /* SocketIOManager.swift */; };
		C39019CD218175E900575F5C /* WaitingRoomViewController.swift in Sources */ = {isa = PBXBuildFile; fileRef = C39019CC218175E900575F5C /* WaitingRoomViewController.swift */; };
		C39019CF21824AA200575F5C /* gameViewController.swift in Sources */ = {isa = PBXBuildFile; fileRef = C39019CE21824AA200575F5C /* gameViewController.swift */; };
		C39019D121837BA800575F5C /* Question.swift in Sources */ = {isa = PBXBuildFile; fileRef = C39019D021837BA800575F5C /* Question.swift */; };
		C39019D52185736C00575F5C /* ScoresViewController.swift in Sources */ = {isa = PBXBuildFile; fileRef = C39019D42185736C00575F5C /* ScoresViewController.swift */; };
		CD4AD5562AAB1EE5CD289FDE /* Pods_gre_words.framework in Frameworks */ = {isa = PBXBuildFile; fileRef = C5C94EDF6154F2855D307835 /* Pods_gre_words.framework */; };
/* End PBXBuildFile section */

/* Begin PBXFileReference section */
		294319D487CFD457025F0FE9 /* Pods-gre_words.debug.xcconfig */ = {isa = PBXFileReference; includeInIndex = 1; lastKnownFileType = text.xcconfig; name = "Pods-gre_words.debug.xcconfig"; path = "Pods/Target Support Files/Pods-gre_words/Pods-gre_words.debug.xcconfig"; sourceTree = "<group>"; };
		C35518DB217669BC005C28A2 /* gre_words.app */ = {isa = PBXFileReference; explicitFileType = wrapper.application; includeInIndex = 0; path = gre_words.app; sourceTree = BUILT_PRODUCTS_DIR; };
		C35518DE217669BC005C28A2 /* AppDelegate.swift */ = {isa = PBXFileReference; lastKnownFileType = sourcecode.swift; path = AppDelegate.swift; sourceTree = "<group>"; };
		C35518E0217669BC005C28A2 /* ViewController.swift */ = {isa = PBXFileReference; lastKnownFileType = sourcecode.swift; path = ViewController.swift; sourceTree = "<group>"; };
		C35518E3217669BC005C28A2 /* Base */ = {isa = PBXFileReference; lastKnownFileType = file.storyboard; name = Base; path = Base.lproj/Main.storyboard; sourceTree = "<group>"; };
		C35518E5217669C1005C28A2 /* Assets.xcassets */ = {isa = PBXFileReference; lastKnownFileType = folder.assetcatalog; path = Assets.xcassets; sourceTree = "<group>"; };
		C35518E8217669C1005C28A2 /* Base */ = {isa = PBXFileReference; lastKnownFileType = file.storyboard; name = Base; path = Base.lproj/LaunchScreen.storyboard; sourceTree = "<group>"; };
		C35518EA217669C1005C28A2 /* Info.plist */ = {isa = PBXFileReference; lastKnownFileType = text.plist.xml; path = Info.plist; sourceTree = "<group>"; };
		C35518F42176D822005C28A2 /* DesignableView.swift */ = {isa = PBXFileReference; lastKnownFileType = sourcecode.swift; path = DesignableView.swift; sourceTree = "<group>"; };
		C3616BFB338C2908057A79C9 /* Pods-gre_words.release.xcconfig */ = {isa = PBXFileReference; includeInIndex = 1; lastKnownFileType = text.xcconfig; name = "Pods-gre_words.release.xcconfig"; path = "Pods/Target Support Files/Pods-gre_words/Pods-gre_words.release.xcconfig"; sourceTree = "<group>"; };
		C361DF1A2178480F000429D6 /* HomeViewController.swift */ = {isa = PBXFileReference; lastKnownFileType = sourcecode.swift; path = HomeViewController.swift; sourceTree = "<group>"; };
		C361DF1C2178E637000429D6 /* HostViewController.swift */ = {isa = PBXFileReference; lastKnownFileType = sourcecode.swift; path = HostViewController.swift; sourceTree = "<group>"; };
		C361DF1E2178E64E000429D6 /* JoinViewController.swift */ = {isa = PBXFileReference; lastKnownFileType = sourcecode.swift; path = JoinViewController.swift; sourceTree = "<group>"; };
		C361DF202178F756000429D6 /* Default-568h@2x.png */ = {isa = PBXFileReference; lastKnownFileType = image.png; path = "Default-568h@2x.png"; sourceTree = "<group>"; };
		C361DF222179063C000429D6 /* SocketIOManager.swift */ = {isa = PBXFileReference; lastKnownFileType = sourcecode.swift; path = SocketIOManager.swift; sourceTree = "<group>"; };
		C39019CC218175E900575F5C /* WaitingRoomViewController.swift */ = {isa = PBXFileReference; lastKnownFileType = sourcecode.swift; path = WaitingRoomViewController.swift; sourceTree = "<group>"; };
		C39019CE21824AA200575F5C /* gameViewController.swift */ = {isa = PBXFileReference; lastKnownFileType = sourcecode.swift; path = gameViewController.swift; sourceTree = "<group>"; };
		C39019D021837BA800575F5C /* Question.swift */ = {isa = PBXFileReference; lastKnownFileType = sourcecode.swift; path = Question.swift; sourceTree = "<group>"; };
		C39019D42185736C00575F5C /* ScoresViewController.swift */ = {isa = PBXFileReference; lastKnownFileType = sourcecode.swift; path = ScoresViewController.swift; sourceTree = "<group>"; };
		C5C94EDF6154F2855D307835 /* Pods_gre_words.framework */ = {isa = PBXFileReference; explicitFileType = wrapper.framework; includeInIndex = 0; path = Pods_gre_words.framework; sourceTree = BUILT_PRODUCTS_DIR; };
/* End PBXFileReference section */

/* Begin PBXFrameworksBuildPhase section */
		C35518D8217669BC005C28A2 /* Frameworks */ = {
			isa = PBXFrameworksBuildPhase;
			buildActionMask = 2147483647;
			files = (
				CD4AD5562AAB1EE5CD289FDE /* Pods_gre_words.framework in Frameworks */,
			);
			runOnlyForDeploymentPostprocessing = 0;
		};
/* End PBXFrameworksBuildPhase section */

/* Begin PBXGroup section */
		B1AB77B5412B6AF4E3A273EA /* Pods */ = {
			isa = PBXGroup;
			children = (
				294319D487CFD457025F0FE9 /* Pods-gre_words.debug.xcconfig */,
				C3616BFB338C2908057A79C9 /* Pods-gre_words.release.xcconfig */,
			);
			name = Pods;
			sourceTree = "<group>";
		};
		C35518D2217669BC005C28A2 = {
			isa = PBXGroup;
			children = (
				C361DF202178F756000429D6 /* Default-568h@2x.png */,
				C35518DD217669BC005C28A2 /* gre_words */,
				C35518DC217669BC005C28A2 /* Products */,
				B1AB77B5412B6AF4E3A273EA /* Pods */,
				FE5588EE86164A3C08757AB6 /* Frameworks */,
			);
			sourceTree = "<group>";
		};
		C35518DC217669BC005C28A2 /* Products */ = {
			isa = PBXGroup;
			children = (
				C35518DB217669BC005C28A2 /* gre_words.app */,
			);
			name = Products;
			sourceTree = "<group>";
		};
		C35518DD217669BC005C28A2 /* gre_words */ = {
			isa = PBXGroup;
			children = (
				C35518DE217669BC005C28A2 /* AppDelegate.swift */,
				C35518E0217669BC005C28A2 /* ViewController.swift */,
				C361DF1A2178480F000429D6 /* HomeViewController.swift */,
				C35518E2217669BC005C28A2 /* Main.storyboard */,
				C39019D42185736C00575F5C /* ScoresViewController.swift */,
				C39019D021837BA800575F5C /* Question.swift */,
				C39019CC218175E900575F5C /* WaitingRoomViewController.swift */,
				C361DF1E2178E64E000429D6 /* JoinViewController.swift */,
				C361DF1C2178E637000429D6 /* HostViewController.swift */,
				C39019CE21824AA200575F5C /* gameViewController.swift */,
				C361DF222179063C000429D6 /* SocketIOManager.swift */,
				C35518E5217669C1005C28A2 /* Assets.xcassets */,
				C35518E7217669C1005C28A2 /* LaunchScreen.storyboard */,
				C35518EA217669C1005C28A2 /* Info.plist */,
				C35518F42176D822005C28A2 /* DesignableView.swift */,
			);
			path = gre_words;
			sourceTree = "<group>";
		};
		FE5588EE86164A3C08757AB6 /* Frameworks */ = {
			isa = PBXGroup;
			children = (
				C5C94EDF6154F2855D307835 /* Pods_gre_words.framework */,
			);
			name = Frameworks;
			sourceTree = "<group>";
		};
/* End PBXGroup section */

/* Begin PBXNativeTarget section */
		C35518DA217669BC005C28A2 /* gre_words */ = {
			isa = PBXNativeTarget;
			buildConfigurationList = C35518ED217669C1005C28A2 /* Build configuration list for PBXNativeTarget "gre_words" */;
			buildPhases = (
				C6E19A43C7FB1A369BE05F26 /* [CP] Check Pods Manifest.lock */,
				C35518D7217669BC005C28A2 /* Sources */,
				C35518D8217669BC005C28A2 /* Frameworks */,
				C35518D9217669BC005C28A2 /* Resources */,
				1D6D0A507319677977DCD986 /* [CP] Embed Pods Frameworks */,
			);
			buildRules = (
			);
			dependencies = (
			);
			name = gre_words;
			productName = gre_words;
			productReference = C35518DB217669BC005C28A2 /* gre_words.app */;
			productType = "com.apple.product-type.application";
		};
/* End PBXNativeTarget section */

/* Begin PBXProject section */
		C35518D3217669BC005C28A2 /* Project object */ = {
			isa = PBXProject;
			attributes = {
				LastSwiftUpdateCheck = 1000;
				LastUpgradeCheck = 1000;
				ORGANIZATIONNAME = "Shabad Sobti";
				TargetAttributes = {
					C35518DA217669BC005C28A2 = {
						CreatedOnToolsVersion = 10.0;
					};
				};
			};
			buildConfigurationList = C35518D6217669BC005C28A2 /* Build configuration list for PBXProject "gre_words" */;
			compatibilityVersion = "Xcode 9.3";
			developmentRegion = en;
			hasScannedForEncodings = 0;
			knownRegions = (
				en,
				Base,
			);
			mainGroup = C35518D2217669BC005C28A2;
			productRefGroup = C35518DC217669BC005C28A2 /* Products */;
			projectDirPath = "";
			projectRoot = "";
			targets = (
				C35518DA217669BC005C28A2 /* gre_words */,
			);
		};
/* End PBXProject section */

/* Begin PBXResourcesBuildPhase section */
		C35518D9217669BC005C28A2 /* Resources */ = {
			isa = PBXResourcesBuildPhase;
			buildActionMask = 2147483647;
			files = (
				C35518E9217669C1005C28A2 /* LaunchScreen.storyboard in Resources */,
				C361DF212178F757000429D6 /* Default-568h@2x.png in Resources */,
				C35518E6217669C1005C28A2 /* Assets.xcassets in Resources */,
				C35518E4217669BC005C28A2 /* Main.storyboard in Resources */,
			);
			runOnlyForDeploymentPostprocessing = 0;
		};
/* End PBXResourcesBuildPhase section */

/* Begin PBXShellScriptBuildPhase section */
		1D6D0A507319677977DCD986 /* [CP] Embed Pods Frameworks */ = {
			isa = PBXShellScriptBuildPhase;
			buildActionMask = 2147483647;
			files = (
			);
			inputFileListPaths = (
			);
			inputPaths = (
				"${SRCROOT}/Pods/Target Support Files/Pods-gre_words/Pods-gre_words-frameworks.sh",
				"${BUILT_PRODUCTS_DIR}/Socket.IO-Client-Swift/SocketIO.framework",
				"${BUILT_PRODUCTS_DIR}/Starscream/Starscream.framework",
			);
			name = "[CP] Embed Pods Frameworks";
			outputFileListPaths = (
			);
			outputPaths = (
				"${TARGET_BUILD_DIR}/${FRAMEWORKS_FOLDER_PATH}/SocketIO.framework",
				"${TARGET_BUILD_DIR}/${FRAMEWORKS_FOLDER_PATH}/Starscream.framework",
			);
			runOnlyForDeploymentPostprocessing = 0;
			shellPath = /bin/sh;
			shellScript = "\"${SRCROOT}/Pods/Target Support Files/Pods-gre_words/Pods-gre_words-frameworks.sh\"\n";
			showEnvVarsInLog = 0;
		};
		C6E19A43C7FB1A369BE05F26 /* [CP] Check Pods Manifest.lock */ = {
			isa = PBXShellScriptBuildPhase;
			buildActionMask = 2147483647;
			files = (
			);
			inputFileListPaths = (
			);
			inputPaths = (
				"${PODS_PODFILE_DIR_PATH}/Podfile.lock",
				"${PODS_ROOT}/Manifest.lock",
			);
			name = "[CP] Check Pods Manifest.lock";
			outputFileListPaths = (
			);
			outputPaths = (
				"$(DERIVED_FILE_DIR)/Pods-gre_words-checkManifestLockResult.txt",
			);
			runOnlyForDeploymentPostprocessing = 0;
			shellPath = /bin/sh;
			shellScript = "diff \"${PODS_PODFILE_DIR_PATH}/Podfile.lock\" \"${PODS_ROOT}/Manifest.lock\" > /dev/null\nif [ $? != 0 ] ; then\n    # print error to STDERR\n    echo \"error: The sandbox is not in sync with the Podfile.lock. Run 'pod install' or update your CocoaPods installation.\" >&2\n    exit 1\nfi\n# This output is used by Xcode 'outputs' to avoid re-running this script phase.\necho \"SUCCESS\" > \"${SCRIPT_OUTPUT_FILE_0}\"\n";
			showEnvVarsInLog = 0;
		};
/* End PBXShellScriptBuildPhase section */

/* Begin PBXSourcesBuildPhase section */
		C35518D7217669BC005C28A2 /* Sources */ = {
			isa = PBXSourcesBuildPhase;
			buildActionMask = 2147483647;
			files = (
				C39019D52185736C00575F5C /* ScoresViewController.swift in Sources */,
				C39019CF21824AA200575F5C /* gameViewController.swift in Sources */,
				C35518E1217669BC005C28A2 /* ViewController.swift in Sources */,
				C39019CD218175E900575F5C /* WaitingRoomViewController.swift in Sources */,
				C361DF1D2178E637000429D6 /* HostViewController.swift in Sources */,
				C35518DF217669BC005C28A2 /* AppDelegate.swift in Sources */,
				C39019D121837BA800575F5C /* Question.swift in Sources */,
				C361DF232179063C000429D6 /* SocketIOManager.swift in Sources */,
				C35518F52176D822005C28A2 /* DesignableView.swift in Sources */,
				C361DF1F2178E64E000429D6 /* JoinViewController.swift in Sources */,
				C361DF1B2178480F000429D6 /* HomeViewController.swift in Sources */,
			);
			runOnlyForDeploymentPostprocessing = 0;
		};
/* End PBXSourcesBuildPhase section */

/* Begin PBXVariantGroup section */
		C35518E2217669BC005C28A2 /* Main.storyboard */ = {
			isa = PBXVariantGroup;
			children = (
				C35518E3217669BC005C28A2 /* Base */,
			);
			name = Main.storyboard;
			sourceTree = "<group>";
		};
		C35518E7217669C1005C28A2 /* LaunchScreen.storyboard */ = {
			isa = PBXVariantGroup;
			children = (
				C35518E8217669C1005C28A2 /* Base */,
			);
			name = LaunchScreen.storyboard;
			sourceTree = "<group>";
		};
/* End PBXVariantGroup section */

/* Begin XCBuildConfiguration section */
		C35518EB217669C1005C28A2 /* Debug */ = {
			isa = XCBuildConfiguration;
			buildSettings = {
				ALWAYS_SEARCH_USER_PATHS = NO;
				CLANG_ANALYZER_NONNULL = YES;
				CLANG_ANALYZER_NUMBER_OBJECT_CONVERSION = YES_AGGRESSIVE;
				CLANG_CXX_LANGUAGE_STANDARD = "gnu++14";
				CLANG_CXX_LIBRARY = "libc++";
				CLANG_ENABLE_MODULES = YES;
				CLANG_ENABLE_OBJC_ARC = YES;
				CLANG_ENABLE_OBJC_WEAK = YES;
				CLANG_WARN_BLOCK_CAPTURE_AUTORELEASING = YES;
				CLANG_WARN_BOOL_CONVERSION = YES;
				CLANG_WARN_COMMA = YES;
				CLANG_WARN_CONSTANT_CONVERSION = YES;
				CLANG_WARN_DEPRECATED_OBJC_IMPLEMENTATIONS = YES;
				CLANG_WARN_DIRECT_OBJC_ISA_USAGE = YES_ERROR;
				CLANG_WARN_DOCUMENTATION_COMMENTS = YES;
				CLANG_WARN_EMPTY_BODY = YES;
				CLANG_WARN_ENUM_CONVERSION = YES;
				CLANG_WARN_INFINITE_RECURSION = YES;
				CLANG_WARN_INT_CONVERSION = YES;
				CLANG_WARN_NON_LITERAL_NULL_CONVERSION = YES;
				CLANG_WARN_OBJC_IMPLICIT_RETAIN_SELF = YES;
				CLANG_WARN_OBJC_LITERAL_CONVERSION = YES;
				CLANG_WARN_OBJC_ROOT_CLASS = YES_ERROR;
				CLANG_WARN_RANGE_LOOP_ANALYSIS = YES;
				CLANG_WARN_STRICT_PROTOTYPES = YES;
				CLANG_WARN_SUSPICIOUS_MOVE = YES;
				CLANG_WARN_UNGUARDED_AVAILABILITY = YES_AGGRESSIVE;
				CLANG_WARN_UNREACHABLE_CODE = YES;
				CLANG_WARN__DUPLICATE_METHOD_MATCH = YES;
				CODE_SIGN_IDENTITY = "iPhone Developer";
				COPY_PHASE_STRIP = NO;
				DEBUG_INFORMATION_FORMAT = dwarf;
				ENABLE_STRICT_OBJC_MSGSEND = YES;
				ENABLE_TESTABILITY = YES;
				GCC_C_LANGUAGE_STANDARD = gnu11;
				GCC_DYNAMIC_NO_PIC = NO;
				GCC_NO_COMMON_BLOCKS = YES;
				GCC_OPTIMIZATION_LEVEL = 0;
				GCC_PREPROCESSOR_DEFINITIONS = (
					"DEBUG=1",
					"$(inherited)",
				);
				GCC_WARN_64_TO_32_BIT_CONVERSION = YES;
				GCC_WARN_ABOUT_RETURN_TYPE = YES_ERROR;
				GCC_WARN_UNDECLARED_SELECTOR = YES;
				GCC_WARN_UNINITIALIZED_AUTOS = YES_AGGRESSIVE;
				GCC_WARN_UNUSED_FUNCTION = YES;
				GCC_WARN_UNUSED_VARIABLE = YES;
				IPHONEOS_DEPLOYMENT_TARGET = 12.0;
				MTL_ENABLE_DEBUG_INFO = INCLUDE_SOURCE;
				MTL_FAST_MATH = YES;
				ONLY_ACTIVE_ARCH = YES;
				SDKROOT = iphoneos;
				SWIFT_ACTIVE_COMPILATION_CONDITIONS = DEBUG;
				SWIFT_OPTIMIZATION_LEVEL = "-Onone";
			};
			name = Debug;
		};
		C35518EC217669C1005C28A2 /* Release */ = {
			isa = XCBuildConfiguration;
			buildSettings = {
				ALWAYS_SEARCH_USER_PATHS = NO;
				CLANG_ANALYZER_NONNULL = YES;
				CLANG_ANALYZER_NUMBER_OBJECT_CONVERSION = YES_AGGRESSIVE;
				CLANG_CXX_LANGUAGE_STANDARD = "gnu++14";
				CLANG_CXX_LIBRARY = "libc++";
				CLANG_ENABLE_MODULES = YES;
				CLANG_ENABLE_OBJC_ARC = YES;
				CLANG_ENABLE_OBJC_WEAK = YES;
				CLANG_WARN_BLOCK_CAPTURE_AUTORELEASING = YES;
				CLANG_WARN_BOOL_CONVERSION = YES;
				CLANG_WARN_COMMA = YES;
				CLANG_WARN_CONSTANT_CONVERSION = YES;
				CLANG_WARN_DEPRECATED_OBJC_IMPLEMENTATIONS = YES;
				CLANG_WARN_DIRECT_OBJC_ISA_USAGE = YES_ERROR;
				CLANG_WARN_DOCUMENTATION_COMMENTS = YES;
				CLANG_WARN_EMPTY_BODY = YES;
				CLANG_WARN_ENUM_CONVERSION = YES;
				CLANG_WARN_INFINITE_RECURSION = YES;
				CLANG_WARN_INT_CONVERSION = YES;
				CLANG_WARN_NON_LITERAL_NULL_CONVERSION = YES;
				CLANG_WARN_OBJC_IMPLICIT_RETAIN_SELF = YES;
				CLANG_WARN_OBJC_LITERAL_CONVERSION = YES;
				CLANG_WARN_OBJC_ROOT_CLASS = YES_ERROR;
				CLANG_WARN_RANGE_LOOP_ANALYSIS = YES;
				CLANG_WARN_STRICT_PROTOTYPES = YES;
				CLANG_WARN_SUSPICIOUS_MOVE = YES;
				CLANG_WARN_UNGUARDED_AVAILABILITY = YES_AGGRESSIVE;
				CLANG_WARN_UNREACHABLE_CODE = YES;
				CLANG_WARN__DUPLICATE_METHOD_MATCH = YES;
				CODE_SIGN_IDENTITY = "iPhone Developer";
				COPY_PHASE_STRIP = NO;
				DEBUG_INFORMATION_FORMAT = "dwarf-with-dsym";
				ENABLE_NS_ASSERTIONS = NO;
				ENABLE_STRICT_OBJC_MSGSEND = YES;
				GCC_C_LANGUAGE_STANDARD = gnu11;
				GCC_NO_COMMON_BLOCKS = YES;
				GCC_WARN_64_TO_32_BIT_CONVERSION = YES;
				GCC_WARN_ABOUT_RETURN_TYPE = YES_ERROR;
				GCC_WARN_UNDECLARED_SELECTOR = YES;
				GCC_WARN_UNINITIALIZED_AUTOS = YES_AGGRESSIVE;
				GCC_WARN_UNUSED_FUNCTION = YES;
				GCC_WARN_UNUSED_VARIABLE = YES;
				IPHONEOS_DEPLOYMENT_TARGET = 12.0;
				MTL_ENABLE_DEBUG_INFO = NO;
				MTL_FAST_MATH = YES;
				SDKROOT = iphoneos;
				SWIFT_COMPILATION_MODE = wholemodule;
				SWIFT_OPTIMIZATION_LEVEL = "-O";
				VALIDATE_PRODUCT = YES;
			};
			name = Release;
		};
		C35518EE217669C1005C28A2 /* Debug */ = {
			isa = XCBuildConfiguration;
			baseConfigurationReference = 294319D487CFD457025F0FE9 /* Pods-gre_words.debug.xcconfig */;
			buildSettings = {
				ASSETCATALOG_COMPILER_APPICON_NAME = AppIcon;
				CODE_SIGN_STYLE = Automatic;
				INFOPLIST_FILE = gre_words/Info.plist;
				LD_RUNPATH_SEARCH_PATHS = (
					"$(inherited)",
					"@executable_path/Frameworks",
				);
				PRODUCT_BUNDLE_IDENTIFIER = "shabad.me.gre-words";
				PRODUCT_NAME = "$(TARGET_NAME)";
				SWIFT_VERSION = 4.2;
				TARGETED_DEVICE_FAMILY = "1,2";
			};
			name = Debug;
		};
		C35518EF217669C1005C28A2 /* Release */ = {
			isa = XCBuildConfiguration;
			baseConfigurationReference = C3616BFB338C2908057A79C9 /* Pods-gre_words.release.xcconfig */;
			buildSettings = {
				ASSETCATALOG_COMPILER_APPICON_NAME = AppIcon;
				CODE_SIGN_STYLE = Automatic;
				INFOPLIST_FILE = gre_words/Info.plist;
				LD_RUNPATH_SEARCH_PATHS = (
					"$(inherited)",
					"@executable_path/Frameworks",
				);
				PRODUCT_BUNDLE_IDENTIFIER = "shabad.me.gre-words";
				PRODUCT_NAME = "$(TARGET_NAME)";
				SWIFT_VERSION = 4.2;
				TARGETED_DEVICE_FAMILY = "1,2";
			};
			name = Release;
		};
/* End XCBuildConfiguration section */

/* Begin XCConfigurationList section */
		C35518D6217669BC005C28A2 /* Build configuration list for PBXProject "gre_words" */ = {
			isa = XCConfigurationList;
			buildConfigurations = (
				C35518EB217669C1005C28A2 /* Debug */,
				C35518EC217669C1005C28A2 /* Release */,
			);
			defaultConfigurationIsVisible = 0;
			defaultConfigurationName = Release;
		};
		C35518ED217669C1005C28A2 /* Build configuration list for PBXNativeTarget "gre_words" */ = {
			isa = XCConfigurationList;
			buildConfigurations = (
				C35518EE217669C1005C28A2 /* Debug */,
				C35518EF217669C1005C28A2 /* Release */,
			);
			defaultConfigurationIsVisible = 0;
			defaultConfigurationName = Release;
		};
/* End XCConfigurationList section */
	};
	rootObject = C35518D3217669BC005C28A2 /* Project object */;
}
